
Microsoft Visual Studio Solution File, Format Version 11.00
# Visual Studio 2010
Project("{FAE04EC0-301F-11D3-BF4B-00C04F79EFBC}") = "AdvancedDispatchByBody", "AdvancedDispatchByBody\AdvancedDispatchByBody.csproj", "{F4D0FD2B-ABF7-48C5-B725-68085B503862}"
EndProject
Global
	GlobalSection(SolutionConfigurationPlatforms) = preSolution
		Debug|Any CPU = Debug|Any CPU
		Release|Any CPU = Release|Any CPU
	EndGlobalSection
	GlobalSection(ProjectConfigurationPlatforms) = postSolution
		{F4D0FD2B-ABF7-48C5-B725-68085B503862}.Debug|Any CPU.ActiveCfg = Debug|Any CPU
		{F4D0FD2B-ABF7-48C5-B725-68085B503862}.Debug|Any CPU.Build.0 = Debug|Any CPU
		{F4D0FD2B-ABF7-48C5-B725-68085B503862}.Release|Any CPU.ActiveCfg = Release|Any CPU
		{F4D0FD2B-ABF7-48C5-B725-68085B503862}.Release|Any CPU.Build.0 = Release|Any CPU
	EndGlobalSection
	GlobalSection(SolutionProperties) = preSolution
		HideSolutionNode = FALSE
	EndGlobalSection
EndGlobal
